
Microsoft Visual Studio Solution File, Format Version 12.00
# Visual Studio 15
VisualStudioVersion = 15.0.27130.2027
MinimumVisualStudioVersion = 10.0.40219.1
Project("{FAE04EC0-301F-11D3-BF4B-00C04F79EFBC}") = "findwords", "findwords\findwords.csproj", "{4F08A29D-4112-4011-9772-6EF5320E340A}"
EndProject
Global
	GlobalSection(SolutionConfigurationPlatforms) = preSolution
		Debug|Any CPU = Debug|Any CPU
		Release|Any CPU = Release|Any CPU
	EndGlobalSection
	GlobalSection(ProjectConfigurationPlatforms) = postSolution
		{4F08A29D-4112-4011-9772-6EF5320E340A}.Debug|Any CPU.ActiveCfg = Debug|Any CPU
		{4F08A29D-4112-4011-9772-6EF5320E340A}.Debug|Any CPU.Build.0 = Debug|Any CPU
		{4F08A29D-4112-4011-9772-6EF5320E340A}.Release|Any CPU.ActiveCfg = Release|Any CPU
		{4F08A29D-4112-4011-9772-6EF5320E340A}.Release|Any CPU.Build.0 = Release|Any CPU
	EndGlobalSection
	GlobalSection(SolutionProperties) = preSolution
		HideSolutionNode = FALSE
	EndGlobalSection
	GlobalSection(ExtensibilityGlobals) = postSolution
		SolutionGuid = {683724EF-A064-49D8-B52F-A0ACDC80376B}
	EndGlobalSection
EndGlobal
