
Microsoft Visual Studio Solution File, Format Version 12.00
# Visual Studio 15
VisualStudioVersion = 15.0.27130.2027
MinimumVisualStudioVersion = 10.0.40219.1
Project("{FAE04EC0-301F-11D3-BF4B-00C04F79EFBC}") = "agedisplay", "agedisplay\agedisplay.csproj", "{0C75CB6A-5345-4A59-97EB-48DE1545E750}"
EndProject
Global
	GlobalSection(SolutionConfigurationPlatforms) = preSolution
		Debug|Any CPU = Debug|Any CPU
		Release|Any CPU = Release|Any CPU
	EndGlobalSection
	GlobalSection(ProjectConfigurationPlatforms) = postSolution
		{0C75CB6A-5345-4A59-97EB-48DE1545E750}.Debug|Any CPU.ActiveCfg = Debug|Any CPU
		{0C75CB6A-5345-4A59-97EB-48DE1545E750}.Debug|Any CPU.Build.0 = Debug|Any CPU
		{0C75CB6A-5345-4A59-97EB-48DE1545E750}.Release|Any CPU.ActiveCfg = Release|Any CPU
		{0C75CB6A-5345-4A59-97EB-48DE1545E750}.Release|Any CPU.Build.0 = Release|Any CPU
	EndGlobalSection
	GlobalSection(SolutionProperties) = preSolution
		HideSolutionNode = FALSE
	EndGlobalSection
	GlobalSection(ExtensibilityGlobals) = postSolution
		SolutionGuid = {A06993E1-C889-4B8F-8283-32DC23B04E6A}
	EndGlobalSection
EndGlobal
