
Microsoft Visual Studio Solution File, Format Version 12.00
# Visual Studio 15
VisualStudioVersion = 15.0.27130.2027
MinimumVisualStudioVersion = 10.0.40219.1
Project("{FAE04EC0-301F-11D3-BF4B-00C04F79EFBC}") = "devide2result", "devide2result\devide2result.csproj", "{CAE7B348-7CC9-425F-945F-18829B2E8AC4}"
EndProject
Global
	GlobalSection(SolutionConfigurationPlatforms) = preSolution
		Debug|Any CPU = Debug|Any CPU
		Release|Any CPU = Release|Any CPU
	EndGlobalSection
	GlobalSection(ProjectConfigurationPlatforms) = postSolution
		{CAE7B348-7CC9-425F-945F-18829B2E8AC4}.Debug|Any CPU.ActiveCfg = Debug|Any CPU
		{CAE7B348-7CC9-425F-945F-18829B2E8AC4}.Debug|Any CPU.Build.0 = Debug|Any CPU
		{CAE7B348-7CC9-425F-945F-18829B2E8AC4}.Release|Any CPU.ActiveCfg = Release|Any CPU
		{CAE7B348-7CC9-425F-945F-18829B2E8AC4}.Release|Any CPU.Build.0 = Release|Any CPU
	EndGlobalSection
	GlobalSection(SolutionProperties) = preSolution
		HideSolutionNode = FALSE
	EndGlobalSection
	GlobalSection(ExtensibilityGlobals) = postSolution
		SolutionGuid = {689F5E63-2ADD-4CF2-A385-CABA3A25BF0C}
	EndGlobalSection
EndGlobal
