
Microsoft Visual Studio Solution File, Format Version 12.00
# Visual Studio 15
VisualStudioVersion = 15.0.27130.2027
MinimumVisualStudioVersion = 10.0.40219.1
Project("{FAE04EC0-301F-11D3-BF4B-00C04F79EFBC}") = "PrintHelloWorld", "PrintHelloWorld\PrintHelloWorld.csproj", "{9CBA4A21-60F9-4243-A61E-49D5DA965328}"
EndProject
Global
	GlobalSection(SolutionConfigurationPlatforms) = preSolution
		Debug|Any CPU = Debug|Any CPU
		Release|Any CPU = Release|Any CPU
	EndGlobalSection
	GlobalSection(ProjectConfigurationPlatforms) = postSolution
		{9CBA4A21-60F9-4243-A61E-49D5DA965328}.Debug|Any CPU.ActiveCfg = Debug|Any CPU
		{9CBA4A21-60F9-4243-A61E-49D5DA965328}.Debug|Any CPU.Build.0 = Debug|Any CPU
		{9CBA4A21-60F9-4243-A61E-49D5DA965328}.Release|Any CPU.ActiveCfg = Release|Any CPU
		{9CBA4A21-60F9-4243-A61E-49D5DA965328}.Release|Any CPU.Build.0 = Release|Any CPU
	EndGlobalSection
	GlobalSection(SolutionProperties) = preSolution
		HideSolutionNode = FALSE
	EndGlobalSection
	GlobalSection(ExtensibilityGlobals) = postSolution
		SolutionGuid = {02DC1E99-6BBE-4CF4-AAE4-4C374286AE1E}
	EndGlobalSection
EndGlobal
