
Microsoft Visual Studio Solution File, Format Version 12.00
# Visual Studio 15
VisualStudioVersion = 15.0.27130.2027
MinimumVisualStudioVersion = 10.0.40219.1
Project("{FAE04EC0-301F-11D3-BF4B-00C04F79EFBC}") = "swap2number", "swap2number\swap2number.csproj", "{741B081D-4820-454B-84B9-9521DD483243}"
EndProject
Global
	GlobalSection(SolutionConfigurationPlatforms) = preSolution
		Debug|Any CPU = Debug|Any CPU
		Release|Any CPU = Release|Any CPU
	EndGlobalSection
	GlobalSection(ProjectConfigurationPlatforms) = postSolution
		{741B081D-4820-454B-84B9-9521DD483243}.Debug|Any CPU.ActiveCfg = Debug|Any CPU
		{741B081D-4820-454B-84B9-9521DD483243}.Debug|Any CPU.Build.0 = Debug|Any CPU
		{741B081D-4820-454B-84B9-9521DD483243}.Release|Any CPU.ActiveCfg = Release|Any CPU
		{741B081D-4820-454B-84B9-9521DD483243}.Release|Any CPU.Build.0 = Release|Any CPU
	EndGlobalSection
	GlobalSection(SolutionProperties) = preSolution
		HideSolutionNode = FALSE
	EndGlobalSection
	GlobalSection(ExtensibilityGlobals) = postSolution
		SolutionGuid = {BA854C67-F56B-4004-95EA-73F21F04FCBA}
	EndGlobalSection
EndGlobal
